// !$*UTF8*$!
{
	archiveVersion = 1;
	classes = {
	};
	objectVersion = 52;
	objects = {

/* Begin PBXBuildFile section */
		4C191DE1248B656E001C7020 /* WakeScreenDurationSettingsView.swift in Sources */ = {isa = PBXBuildFile; fileRef = 4C191DE0248B656E001C7020 /* WakeScreenDurationSettingsView.swift */; };
		4C191E04248C9DB0001C7020 /* TimelaneCombine in Frameworks */ = {isa = PBXBuildFile; productRef = 4C191E03248C9DB0001C7020 /* TimelaneCombine */; };
		4C4034282488C5ED0055A7DD /* AppDelegate.swift in Sources */ = {isa = PBXBuildFile; fileRef = 4C4034272488C5ED0055A7DD /* AppDelegate.swift */; };
		4C40342A2488C5ED0055A7DD /* SceneDelegate.swift in Sources */ = {isa = PBXBuildFile; fileRef = 4C4034292488C5ED0055A7DD /* SceneDelegate.swift */; };
		4C40342C2488C5ED0055A7DD /* ContentView.swift in Sources */ = {isa = PBXBuildFile; fileRef = 4C40342B2488C5ED0055A7DD /* ContentView.swift */; };
		4C40342E2488C5ED0055A7DD /* Assets.xcassets in Resources */ = {isa = PBXBuildFile; fileRef = 4C40342D2488C5ED0055A7DD /* Assets.xcassets */; };
		4C4034312488C5ED0055A7DD /* Preview Assets.xcassets in Resources */ = {isa = PBXBuildFile; fileRef = 4C4034302488C5ED0055A7DD /* Preview Assets.xcassets */; };
		4C4034342488C5ED0055A7DD /* LaunchScreen.storyboard in Resources */ = {isa = PBXBuildFile; fileRef = 4C4034322488C5ED0055A7DD /* LaunchScreen.storyboard */; };
		4C40343C2488C6220055A7DD /* Home.swift in Sources */ = {isa = PBXBuildFile; fileRef = 4C40343B2488C6220055A7DD /* Home.swift */; };
		4C40343E2488D00F0055A7DD /* SettingsView.swift in Sources */ = {isa = PBXBuildFile; fileRef = 4C40343D2488D00F0055A7DD /* SettingsView.swift */; };
		4C4034402488D5210055A7DD /* WakeTimeSettingsView.swift in Sources */ = {isa = PBXBuildFile; fileRef = 4C40343F2488D5210055A7DD /* WakeTimeSettingsView.swift */; };
		4C4034422488D9800055A7DD /* PreWakeDurationSettingsView.swift in Sources */ = {isa = PBXBuildFile; fileRef = 4C4034412488D9800055A7DD /* PreWakeDurationSettingsView.swift */; };
		4CF979CC248A2CE200F5F000 /* UserData.swift in Sources */ = {isa = PBXBuildFile; fileRef = 4CF979CB248A2CE200F5F000 /* UserData.swift */; };
/* End PBXBuildFile section */

/* Begin PBXFileReference section */
		4C191DE0248B656E001C7020 /* WakeScreenDurationSettingsView.swift */ = {isa = PBXFileReference; lastKnownFileType = sourcecode.swift; path = WakeScreenDurationSettingsView.swift; sourceTree = "<group>"; };
		4C4034242488C5ED0055A7DD /* Waker-SwiftUI.app */ = {isa = PBXFileReference; explicitFileType = wrapper.application; includeInIndex = 0; path = "Waker-SwiftUI.app"; sourceTree = BUILT_PRODUCTS_DIR; };
		4C4034272488C5ED0055A7DD /* AppDelegate.swift */ = {isa = PBXFileReference; lastKnownFileType = sourcecode.swift; path = AppDelegate.swift; sourceTree = "<group>"; };
		4C4034292488C5ED0055A7DD /* SceneDelegate.swift */ = {isa = PBXFileReference; lastKnownFileType = sourcecode.swift; path = SceneDelegate.swift; sourceTree = "<group>"; };
		4C40342B2488C5ED0055A7DD /* ContentView.swift */ = {isa = PBXFileReference; lastKnownFileType = sourcecode.swift; path = ContentView.swift; sourceTree = "<group>"; };
		4C40342D2488C5ED0055A7DD /* Assets.xcassets */ = {isa = PBXFileReference; lastKnownFileType = folder.assetcatalog; path = Assets.xcassets; sourceTree = "<group>"; };
		4C4034302488C5ED0055A7DD /* Preview Assets.xcassets */ = {isa = PBXFileReference; lastKnownFileType = folder.assetcatalog; path = "Preview Assets.xcassets"; sourceTree = "<group>"; };
		4C4034332488C5ED0055A7DD /* Base */ = {isa = PBXFileReference; lastKnownFileType = file.storyboard; name = Base; path = Base.lproj/LaunchScreen.storyboard; sourceTree = "<group>"; };
		4C4034352488C5ED0055A7DD /* Info.plist */ = {isa = PBXFileReference; lastKnownFileType = text.plist.xml; path = Info.plist; sourceTree = "<group>"; };
		4C40343B2488C6220055A7DD /* Home.swift */ = {isa = PBXFileReference; lastKnownFileType = sourcecode.swift; path = Home.swift; sourceTree = "<group>"; };
		4C40343D2488D00F0055A7DD /* SettingsView.swift */ = {isa = PBXFileReference; lastKnownFileType = sourcecode.swift; path = SettingsView.swift; sourceTree = "<group>"; };
		4C40343F2488D5210055A7DD /* WakeTimeSettingsView.swift */ = {isa = PBXFileReference; lastKnownFileType = sourcecode.swift; path = WakeTimeSettingsView.swift; sourceTree = "<group>"; };
		4C4034412488D9800055A7DD /* PreWakeDurationSettingsView.swift */ = {isa = PBXFileReference; lastKnownFileType = sourcecode.swift; path = PreWakeDurationSettingsView.swift; sourceTree = "<group>"; };
		4CF979CB248A2CE200F5F000 /* UserData.swift */ = {isa = PBXFileReference; lastKnownFileType = sourcecode.swift; path = UserData.swift; sourceTree = "<group>"; };
/* End PBXFileReference section */

/* Begin PBXFrameworksBuildPhase section */
		4C4034212488C5ED0055A7DD /* Frameworks */ = {
			isa = PBXFrameworksBuildPhase;
			buildActionMask = 2147483647;
			files = (
				4C191E04248C9DB0001C7020 /* TimelaneCombine in Frameworks */,
			);
			runOnlyForDeploymentPostprocessing = 0;
		};
/* End PBXFrameworksBuildPhase section */

/* Begin PBXGroup section */
		4C40341B2488C5ED0055A7DD = {
			isa = PBXGroup;
			children = (
				4C4034262488C5ED0055A7DD /* Waker-SwiftUI */,
				4C4034252488C5ED0055A7DD /* Products */,
			);
			sourceTree = "<group>";
		};
		4C4034252488C5ED0055A7DD /* Products */ = {
			isa = PBXGroup;
			children = (
				4C4034242488C5ED0055A7DD /* Waker-SwiftUI.app */,
			);
			name = Products;
			sourceTree = "<group>";
		};
		4C4034262488C5ED0055A7DD /* Waker-SwiftUI */ = {
			isa = PBXGroup;
			children = (
				4CF979CD248B3FAA00F5F000 /* Data */,
				4CF979CE248B3FB100F5F000 /* Views */,
				4C40342D2488C5ED0055A7DD /* Assets.xcassets */,
				4C4034322488C5ED0055A7DD /* LaunchScreen.storyboard */,
				4C4034352488C5ED0055A7DD /* Info.plist */,
				4CF979CF248B3FB700F5F000 /* Support */,
				4C40342F2488C5ED0055A7DD /* Preview Content */,
			);
			path = "Waker-SwiftUI";
			sourceTree = "<group>";
		};
		4C40342F2488C5ED0055A7DD /* Preview Content */ = {
			isa = PBXGroup;
			children = (
				4C4034302488C5ED0055A7DD /* Preview Assets.xcassets */,
			);
			path = "Preview Content";
			sourceTree = "<group>";
		};
		4CF979CD248B3FAA00F5F000 /* Data */ = {
			isa = PBXGroup;
			children = (
				4CF979CB248A2CE200F5F000 /* UserData.swift */,
			);
			path = Data;
			sourceTree = "<group>";
		};
		4CF979CE248B3FB100F5F000 /* Views */ = {
			isa = PBXGroup;
			children = (
				4C40343B2488C6220055A7DD /* Home.swift */,
				4CF979D0248B400000F5F000 /* Settings */,
			);
			path = Views;
			sourceTree = "<group>";
		};
		4CF979CF248B3FB700F5F000 /* Support */ = {
			isa = PBXGroup;
			children = (
				4C40342B2488C5ED0055A7DD /* ContentView.swift */,
				4C4034272488C5ED0055A7DD /* AppDelegate.swift */,
				4C4034292488C5ED0055A7DD /* SceneDelegate.swift */,
			);
			path = Support;
			sourceTree = "<group>";
		};
		4CF979D0248B400000F5F000 /* Settings */ = {
			isa = PBXGroup;
			children = (
				4C40343D2488D00F0055A7DD /* SettingsView.swift */,
				4C40343F2488D5210055A7DD /* WakeTimeSettingsView.swift */,
				4C4034412488D9800055A7DD /* PreWakeDurationSettingsView.swift */,
				4C191DE0248B656E001C7020 /* WakeScreenDurationSettingsView.swift */,
			);
			path = Settings;
			sourceTree = "<group>";
		};
/* End PBXGroup section */

/* Begin PBXNativeTarget section */
		4C4034232488C5ED0055A7DD /* Waker-SwiftUI */ = {
			isa = PBXNativeTarget;
			buildConfigurationList = 4C4034382488C5ED0055A7DD /* Build configuration list for PBXNativeTarget "Waker-SwiftUI" */;
			buildPhases = (
				4C4034202488C5ED0055A7DD /* Sources */,
				4C4034212488C5ED0055A7DD /* Frameworks */,
				4C4034222488C5ED0055A7DD /* Resources */,
			);
			buildRules = (
			);
			dependencies = (
			);
			name = "Waker-SwiftUI";
			packageProductDependencies = (
				4C191E03248C9DB0001C7020 /* TimelaneCombine */,
			);
			productName = "Waker-SwiftUI";
			productReference = 4C4034242488C5ED0055A7DD /* Waker-SwiftUI.app */;
			productType = "com.apple.product-type.application";
		};
/* End PBXNativeTarget section */

/* Begin PBXProject section */
		4C40341C2488C5ED0055A7DD /* Project object */ = {
			isa = PBXProject;
			attributes = {
				LastSwiftUpdateCheck = 1150;
				LastUpgradeCheck = 1150;
				ORGANIZATIONNAME = "Jason Rueckert";
				TargetAttributes = {
					4C4034232488C5ED0055A7DD = {
						CreatedOnToolsVersion = 11.5;
					};
				};
			};
			buildConfigurationList = 4C40341F2488C5ED0055A7DD /* Build configuration list for PBXProject "Waker-SwiftUI" */;
			compatibilityVersion = "Xcode 9.3";
			developmentRegion = en;
			hasScannedForEncodings = 0;
			knownRegions = (
				en,
				Base,
			);
			mainGroup = 4C40341B2488C5ED0055A7DD;
			packageReferences = (
				4C191E02248C9DB0001C7020 /* XCRemoteSwiftPackageReference "TimelaneCombine" */,
			);
			productRefGroup = 4C4034252488C5ED0055A7DD /* Products */;
			projectDirPath = "";
			projectRoot = "";
			targets = (
				4C4034232488C5ED0055A7DD /* Waker-SwiftUI */,
			);
		};
/* End PBXProject section */

/* Begin PBXResourcesBuildPhase section */
		4C4034222488C5ED0055A7DD /* Resources */ = {
			isa = PBXResourcesBuildPhase;
			buildActionMask = 2147483647;
			files = (
				4C4034342488C5ED0055A7DD /* LaunchScreen.storyboard in Resources */,
				4C4034312488C5ED0055A7DD /* Preview Assets.xcassets in Resources */,
				4C40342E2488C5ED0055A7DD /* Assets.xcassets in Resources */,
			);
			runOnlyForDeploymentPostprocessing = 0;
		};
/* End PBXResourcesBuildPhase section */

/* Begin PBXSourcesBuildPhase section */
		4C4034202488C5ED0055A7DD /* Sources */ = {
			isa = PBXSourcesBuildPhase;
			buildActionMask = 2147483647;
			files = (
				4C191DE1248B656E001C7020 /* WakeScreenDurationSettingsView.swift in Sources */,
				4C40343E2488D00F0055A7DD /* SettingsView.swift in Sources */,
				4C4034282488C5ED0055A7DD /* AppDelegate.swift in Sources */,
				4C4034402488D5210055A7DD /* WakeTimeSettingsView.swift in Sources */,
				4C40342A2488C5ED0055A7DD /* SceneDelegate.swift in Sources */,
				4C40343C2488C6220055A7DD /* Home.swift in Sources */,
				4C4034422488D9800055A7DD /* PreWakeDurationSettingsView.swift in Sources */,
				4CF979CC248A2CE200F5F000 /* UserData.swift in Sources */,
				4C40342C2488C5ED0055A7DD /* ContentView.swift in Sources */,
			);
			runOnlyForDeploymentPostprocessing = 0;
		};
/* End PBXSourcesBuildPhase section */

/* Begin PBXVariantGroup section */
		4C4034322488C5ED0055A7DD /* LaunchScreen.storyboard */ = {
			isa = PBXVariantGroup;
			children = (
				4C4034332488C5ED0055A7DD /* Base */,
			);
			name = LaunchScreen.storyboard;
			sourceTree = "<group>";
		};
/* End PBXVariantGroup section */

/* Begin XCBuildConfiguration section */
		4C4034362488C5ED0055A7DD /* Debug */ = {
			isa = XCBuildConfiguration;
			buildSettings = {
				ALWAYS_SEARCH_USER_PATHS = NO;
				CLANG_ANALYZER_NONNULL = YES;
				CLANG_ANALYZER_NUMBER_OBJECT_CONVERSION = YES_AGGRESSIVE;
				CLANG_CXX_LANGUAGE_STANDARD = "gnu++14";
				CLANG_CXX_LIBRARY = "libc++";
				CLANG_ENABLE_MODULES = YES;
				CLANG_ENABLE_OBJC_ARC = YES;
				CLANG_ENABLE_OBJC_WEAK = YES;
				CLANG_WARN_BLOCK_CAPTURE_AUTORELEASING = YES;
				CLANG_WARN_BOOL_CONVERSION = YES;
				CLANG_WARN_COMMA = YES;
				CLANG_WARN_CONSTANT_CONVERSION = YES;
				CLANG_WARN_DEPRECATED_OBJC_IMPLEMENTATIONS = YES;
				CLANG_WARN_DIRECT_OBJC_ISA_USAGE = YES_ERROR;
				CLANG_WARN_DOCUMENTATION_COMMENTS = YES;
				CLANG_WARN_EMPTY_BODY = YES;
				CLANG_WARN_ENUM_CONVERSION = YES;
				CLANG_WARN_INFINITE_RECURSION = YES;
				CLANG_WARN_INT_CONVERSION = YES;
				CLANG_WARN_NON_LITERAL_NULL_CONVERSION = YES;
				CLANG_WARN_OBJC_IMPLICIT_RETAIN_SELF = YES;
				CLANG_WARN_OBJC_LITERAL_CONVERSION = YES;
				CLANG_WARN_OBJC_ROOT_CLASS = YES_ERROR;
				CLANG_WARN_RANGE_LOOP_ANALYSIS = YES;
				CLANG_WARN_STRICT_PROTOTYPES = YES;
				CLANG_WARN_SUSPICIOUS_MOVE = YES;
				CLANG_WARN_UNGUARDED_AVAILABILITY = YES_AGGRESSIVE;
				CLANG_WARN_UNREACHABLE_CODE = YES;
				CLANG_WARN__DUPLICATE_METHOD_MATCH = YES;
				COPY_PHASE_STRIP = NO;
				DEBUG_INFORMATION_FORMAT = dwarf;
				ENABLE_STRICT_OBJC_MSGSEND = YES;
				ENABLE_TESTABILITY = YES;
				GCC_C_LANGUAGE_STANDARD = gnu11;
				GCC_DYNAMIC_NO_PIC = NO;
				GCC_NO_COMMON_BLOCKS = YES;
				GCC_OPTIMIZATION_LEVEL = 0;
				GCC_PREPROCESSOR_DEFINITIONS = (
					"DEBUG=1",
					"$(inherited)",
				);
				GCC_WARN_64_TO_32_BIT_CONVERSION = YES;
				GCC_WARN_ABOUT_RETURN_TYPE = YES_ERROR;
				GCC_WARN_UNDECLARED_SELECTOR = YES;
				GCC_WARN_UNINITIALIZED_AUTOS = YES_AGGRESSIVE;
				GCC_WARN_UNUSED_FUNCTION = YES;
				GCC_WARN_UNUSED_VARIABLE = YES;
				IPHONEOS_DEPLOYMENT_TARGET = 13.5;
				MTL_ENABLE_DEBUG_INFO = INCLUDE_SOURCE;
				MTL_FAST_MATH = YES;
				ONLY_ACTIVE_ARCH = YES;
				SDKROOT = iphoneos;
				SWIFT_ACTIVE_COMPILATION_CONDITIONS = DEBUG;
				SWIFT_OPTIMIZATION_LEVEL = "-Onone";
			};
			name = Debug;
		};
		4C4034372488C5ED0055A7DD /* Release */ = {
			isa = XCBuildConfiguration;
			buildSettings = {
				ALWAYS_SEARCH_USER_PATHS = NO;
				CLANG_ANALYZER_NONNULL = YES;
				CLANG_ANALYZER_NUMBER_OBJECT_CONVERSION = YES_AGGRESSIVE;
				CLANG_CXX_LANGUAGE_STANDARD = "gnu++14";
				CLANG_CXX_LIBRARY = "libc++";
				CLANG_ENABLE_MODULES = YES;
				CLANG_ENABLE_OBJC_ARC = YES;
				CLANG_ENABLE_OBJC_WEAK = YES;
				CLANG_WARN_BLOCK_CAPTURE_AUTORELEASING = YES;
				CLANG_WARN_BOOL_CONVERSION = YES;
				CLANG_WARN_COMMA = YES;
				CLANG_WARN_CONSTANT_CONVERSION = YES;
				CLANG_WARN_DEPRECATED_OBJC_IMPLEMENTATIONS = YES;
				CLANG_WARN_DIRECT_OBJC_ISA_USAGE = YES_ERROR;
				CLANG_WARN_DOCUMENTATION_COMMENTS = YES;
				CLANG_WARN_EMPTY_BODY = YES;
				CLANG_WARN_ENUM_CONVERSION = YES;
				CLANG_WARN_INFINITE_RECURSION = YES;
				CLANG_WARN_INT_CONVERSION = YES;
				CLANG_WARN_NON_LITERAL_NULL_CONVERSION = YES;
				CLANG_WARN_OBJC_IMPLICIT_RETAIN_SELF = YES;
				CLANG_WARN_OBJC_LITERAL_CONVERSION = YES;
				CLANG_WARN_OBJC_ROOT_CLASS = YES_ERROR;
				CLANG_WARN_RANGE_LOOP_ANALYSIS = YES;
				CLANG_WARN_STRICT_PROTOTYPES = YES;
				CLANG_WARN_SUSPICIOUS_MOVE = YES;
				CLANG_WARN_UNGUARDED_AVAILABILITY = YES_AGGRESSIVE;
				CLANG_WARN_UNREACHABLE_CODE = YES;
				CLANG_WARN__DUPLICATE_METHOD_MATCH = YES;
				COPY_PHASE_STRIP = NO;
				DEBUG_INFORMATION_FORMAT = "dwarf-with-dsym";
				ENABLE_NS_ASSERTIONS = NO;
				ENABLE_STRICT_OBJC_MSGSEND = YES;
				GCC_C_LANGUAGE_STANDARD = gnu11;
				GCC_NO_COMMON_BLOCKS = YES;
				GCC_WARN_64_TO_32_BIT_CONVERSION = YES;
				GCC_WARN_ABOUT_RETURN_TYPE = YES_ERROR;
				GCC_WARN_UNDECLARED_SELECTOR = YES;
				GCC_WARN_UNINITIALIZED_AUTOS = YES_AGGRESSIVE;
				GCC_WARN_UNUSED_FUNCTION = YES;
				GCC_WARN_UNUSED_VARIABLE = YES;
				IPHONEOS_DEPLOYMENT_TARGET = 13.5;
				MTL_ENABLE_DEBUG_INFO = NO;
				MTL_FAST_MATH = YES;
				SDKROOT = iphoneos;
				SWIFT_COMPILATION_MODE = wholemodule;
				SWIFT_OPTIMIZATION_LEVEL = "-O";
				VALIDATE_PRODUCT = YES;
			};
			name = Release;
		};
		4C4034392488C5ED0055A7DD /* Debug */ = {
			isa = XCBuildConfiguration;
			buildSettings = {
				ASSETCATALOG_COMPILER_APPICON_NAME = AppIcon;
				CODE_SIGN_STYLE = Automatic;
				DEVELOPMENT_ASSET_PATHS = "\"Waker-SwiftUI/Preview Content\"";
				DEVELOPMENT_TEAM = TZD57UD8UQ;
				ENABLE_PREVIEWS = YES;
				INFOPLIST_FILE = "Waker-SwiftUI/Info.plist";
				LD_RUNPATH_SEARCH_PATHS = (
					"$(inherited)",
					"@executable_path/Frameworks",
				);
				PRODUCT_BUNDLE_IDENTIFIER = "jasonrueckert.com.Waker-SwiftUI";
				PRODUCT_NAME = "$(TARGET_NAME)";
				SWIFT_VERSION = 5.0;
				TARGETED_DEVICE_FAMILY = "1,2";
			};
			name = Debug;
		};
		4C40343A2488C5ED0055A7DD /* Release */ = {
			isa = XCBuildConfiguration;
			buildSettings = {
				ASSETCATALOG_COMPILER_APPICON_NAME = AppIcon;
				CODE_SIGN_STYLE = Automatic;
				DEVELOPMENT_ASSET_PATHS = "\"Waker-SwiftUI/Preview Content\"";
				DEVELOPMENT_TEAM = TZD57UD8UQ;
				ENABLE_PREVIEWS = YES;
				INFOPLIST_FILE = "Waker-SwiftUI/Info.plist";
				LD_RUNPATH_SEARCH_PATHS = (
					"$(inherited)",
					"@executable_path/Frameworks",
				);
				PRODUCT_BUNDLE_IDENTIFIER = "jasonrueckert.com.Waker-SwiftUI";
				PRODUCT_NAME = "$(TARGET_NAME)";
				SWIFT_VERSION = 5.0;
				TARGETED_DEVICE_FAMILY = "1,2";
			};
			name = Release;
		};
/* End XCBuildConfiguration section */

/* Begin XCConfigurationList section */
		4C40341F2488C5ED0055A7DD /* Build configuration list for PBXProject "Waker-SwiftUI" */ = {
			isa = XCConfigurationList;
			buildConfigurations = (
				4C4034362488C5ED0055A7DD /* Debug */,
				4C4034372488C5ED0055A7DD /* Release */,
			);
			defaultConfigurationIsVisible = 0;
			defaultConfigurationName = Release;
		};
		4C4034382488C5ED0055A7DD /* Build configuration list for PBXNativeTarget "Waker-SwiftUI" */ = {
			isa = XCConfigurationList;
			buildConfigurations = (
				4C4034392488C5ED0055A7DD /* Debug */,
				4C40343A2488C5ED0055A7DD /* Release */,
			);
			defaultConfigurationIsVisible = 0;
			defaultConfigurationName = Release;
		};
/* End XCConfigurationList section */

/* Begin XCRemoteSwiftPackageReference section */
		4C191E02248C9DB0001C7020 /* XCRemoteSwiftPackageReference "TimelaneCombine" */ = {
			isa = XCRemoteSwiftPackageReference;
			repositoryURL = "https://github.com/icanzilb/TimelaneCombine";
			requirement = {
				kind = upToNextMajorVersion;
				minimumVersion = 1.0.9;
			};
		};
/* End XCRemoteSwiftPackageReference section */

/* Begin XCSwiftPackageProductDependency section */
		4C191E03248C9DB0001C7020 /* TimelaneCombine */ = {
			isa = XCSwiftPackageProductDependency;
			package = 4C191E02248C9DB0001C7020 /* XCRemoteSwiftPackageReference "TimelaneCombine" */;
			productName = TimelaneCombine;
		};
/* End XCSwiftPackageProductDependency section */
	};
	rootObject = 4C40341C2488C5ED0055A7DD /* Project object */;
}
